
Microsoft Visual Studio Solution File, Format Version 12.00
# Visual Studio 15
VisualStudioVersion = 15.0.27130.2024
MinimumVisualStudioVersion = 10.0.40219.1
Project("{FAE04EC0-301F-11D3-BF4B-00C04F79EFBC}") = "Calculadora", "Calculadora\Calculadora.csproj", "{EFFC70C9-53B7-44F1-95F4-94A77C8A8907}"
EndProject
Project("{FAE04EC0-301F-11D3-BF4B-00C04F79EFBC}") = "Core", "Core\Core.csproj", "{A827328E-7242-41A9-B9C8-D07FCA8FF6BD}"
EndProject
Project("{FAE04EC0-301F-11D3-BF4B-00C04F79EFBC}") = "TextCalculadora", "TextCalculadora\TextCalculadora.csproj", "{83F432BB-5EAA-4252-8321-E1C5ED29AE13}"
EndProject
Global
	GlobalSection(SolutionConfigurationPlatforms) = preSolution
		Debug|Any CPU = Debug|Any CPU
		Release|Any CPU = Release|Any CPU
	EndGlobalSection
	GlobalSection(ProjectConfigurationPlatforms) = postSolution
		{EFFC70C9-53B7-44F1-95F4-94A77C8A8907}.Debug|Any CPU.ActiveCfg = Debug|Any CPU
		{EFFC70C9-53B7-44F1-95F4-94A77C8A8907}.Debug|Any CPU.Build.0 = Debug|Any CPU
		{EFFC70C9-53B7-44F1-95F4-94A77C8A8907}.Release|Any CPU.ActiveCfg = Release|Any CPU
		{EFFC70C9-53B7-44F1-95F4-94A77C8A8907}.Release|Any CPU.Build.0 = Release|Any CPU
		{A827328E-7242-41A9-B9C8-D07FCA8FF6BD}.Debug|Any CPU.ActiveCfg = Debug|Any CPU
		{A827328E-7242-41A9-B9C8-D07FCA8FF6BD}.Debug|Any CPU.Build.0 = Debug|Any CPU
		{A827328E-7242-41A9-B9C8-D07FCA8FF6BD}.Release|Any CPU.ActiveCfg = Release|Any CPU
		{A827328E-7242-41A9-B9C8-D07FCA8FF6BD}.Release|Any CPU.Build.0 = Release|Any CPU
		{83F432BB-5EAA-4252-8321-E1C5ED29AE13}.Debug|Any CPU.ActiveCfg = Debug|Any CPU
		{83F432BB-5EAA-4252-8321-E1C5ED29AE13}.Debug|Any CPU.Build.0 = Debug|Any CPU
		{83F432BB-5EAA-4252-8321-E1C5ED29AE13}.Release|Any CPU.ActiveCfg = Release|Any CPU
		{83F432BB-5EAA-4252-8321-E1C5ED29AE13}.Release|Any CPU.Build.0 = Release|Any CPU
	EndGlobalSection
	GlobalSection(SolutionProperties) = preSolution
		HideSolutionNode = FALSE
	EndGlobalSection
	GlobalSection(ExtensibilityGlobals) = postSolution
		SolutionGuid = {039EC886-5371-42D8-A12F-4F8C6BDB18FE}
	EndGlobalSection
EndGlobal
